// !$*UTF8*$!
{
	archiveVersion = 1;
	classes = {
	};
	objectVersion = 55;
	objects = {

/* Begin PBXBuildFile section */
		C2030091278593BE00F04B27 /* ToDoStore.swift in Sources */ = {isa = PBXBuildFile; fileRef = C2030090278593BD00F04B27 /* ToDoStore.swift */; };
		C2030092278593BE00F04B27 /* ToDoStore.swift in Sources */ = {isa = PBXBuildFile; fileRef = C2030090278593BD00F04B27 /* ToDoStore.swift */; };
		C203009A2785A0A100F04B27 /* WidgetKit.framework in Frameworks */ = {isa = PBXBuildFile; fileRef = C20300992785A0A100F04B27 /* WidgetKit.framework */; platformFilter = maccatalyst; };
		C203009C2785A0A100F04B27 /* SwiftUI.framework in Frameworks */ = {isa = PBXBuildFile; fileRef = C203009B2785A0A100F04B27 /* SwiftUI.framework */; platformFilter = maccatalyst; };
		C203009F2785A0A100F04B27 /* Todo_ext.swift in Sources */ = {isa = PBXBuildFile; fileRef = C203009E2785A0A100F04B27 /* Todo_ext.swift */; };
		C20300A22785A0A300F04B27 /* Assets.xcassets in Resources */ = {isa = PBXBuildFile; fileRef = C20300A12785A0A300F04B27 /* Assets.xcassets */; };
		C20300A42785A0A300F04B27 /* Todo_ext.intentdefinition in Sources */ = {isa = PBXBuildFile; fileRef = C20300A02785A0A100F04B27 /* Todo_ext.intentdefinition */; };
		C20300A52785A0A300F04B27 /* Todo_ext.intentdefinition in Sources */ = {isa = PBXBuildFile; fileRef = C20300A02785A0A100F04B27 /* Todo_ext.intentdefinition */; };
		C20300A82785A0A300F04B27 /* Todo-extExtension.appex in Embed App Extensions */ = {isa = PBXBuildFile; fileRef = C20300972785A0A100F04B27 /* Todo-extExtension.appex */; settings = {ATTRIBUTES = (RemoveHeadersOnCopy, ); }; };
		C217CFA0278D91C200F05543 /* NewItemView.swift in Sources */ = {isa = PBXBuildFile; fileRef = C217CF9F278D91C200F05543 /* NewItemView.swift */; };
		C217CFA1278D91C200F05543 /* NewItemView.swift in Sources */ = {isa = PBXBuildFile; fileRef = C217CF9F278D91C200F05543 /* NewItemView.swift */; };
		C2AA6EE2278E68B700933147 /* Pallet.swift in Sources */ = {isa = PBXBuildFile; fileRef = C2AA6EE1278E68B700933147 /* Pallet.swift */; };
		C2AA6EE3278E68B700933147 /* Pallet.swift in Sources */ = {isa = PBXBuildFile; fileRef = C2AA6EE1278E68B700933147 /* Pallet.swift */; };
		C2AA6EE5278E6BDF00933147 /* Todo.swift in Sources */ = {isa = PBXBuildFile; fileRef = C2AA6EE4278E6BDF00933147 /* Todo.swift */; };
		C2AA6EE6278E6BDF00933147 /* Todo.swift in Sources */ = {isa = PBXBuildFile; fileRef = C2AA6EE4278E6BDF00933147 /* Todo.swift */; };
		C2AA6EE8278E6EE200933147 /* TodoService.swift in Sources */ = {isa = PBXBuildFile; fileRef = C2AA6EE7278E6EE200933147 /* TodoService.swift */; };
		C2AA6EE9278E6EE200933147 /* TodoService.swift in Sources */ = {isa = PBXBuildFile; fileRef = C2AA6EE7278E6EE200933147 /* TodoService.swift */; };
		C2AA6EEB278E6FD900933147 /* TodoMO+Extension.swift in Sources */ = {isa = PBXBuildFile; fileRef = C2AA6EEA278E6FD900933147 /* TodoMO+Extension.swift */; };
		C2AA6EEC278E6FD900933147 /* TodoMO+Extension.swift in Sources */ = {isa = PBXBuildFile; fileRef = C2AA6EEA278E6FD900933147 /* TodoMO+Extension.swift */; };
		C2AA6EEF278EBBA700933147 /* StrikethroughTextModifier.swift in Sources */ = {isa = PBXBuildFile; fileRef = C2AA6EEE278EBBA700933147 /* StrikethroughTextModifier.swift */; };
		C2AA6EF0278EBBA700933147 /* StrikethroughTextModifier.swift in Sources */ = {isa = PBXBuildFile; fileRef = C2AA6EEE278EBBA700933147 /* StrikethroughTextModifier.swift */; };
		C2AA6EF2278EC5C000933147 /* Const.swift in Sources */ = {isa = PBXBuildFile; fileRef = C2AA6EF1278EC5C000933147 /* Const.swift */; };
		C2AA6EF3278EC5C000933147 /* Const.swift in Sources */ = {isa = PBXBuildFile; fileRef = C2AA6EF1278EC5C000933147 /* Const.swift */; };
		C2AA6EF5278ECA2300933147 /* Extensions.swift in Sources */ = {isa = PBXBuildFile; fileRef = C2AA6EF4278ECA2300933147 /* Extensions.swift */; };
		C2AA6EF6278ECA2300933147 /* Extensions.swift in Sources */ = {isa = PBXBuildFile; fileRef = C2AA6EF4278ECA2300933147 /* Extensions.swift */; };
		C2AA6EF8278EE25600933147 /* TodoList.swift in Sources */ = {isa = PBXBuildFile; fileRef = C2AA6EF7278EE25600933147 /* TodoList.swift */; };
		C2AA6EF9278EE25600933147 /* TodoList.swift in Sources */ = {isa = PBXBuildFile; fileRef = C2AA6EF7278EE25600933147 /* TodoList.swift */; };
		C2D24707278571AB00B7264F /* Tests_iOS.swift in Sources */ = {isa = PBXBuildFile; fileRef = C2D24706278571AB00B7264F /* Tests_iOS.swift */; };
		C2D24709278571AB00B7264F /* Tests_iOSLaunchTests.swift in Sources */ = {isa = PBXBuildFile; fileRef = C2D24708278571AB00B7264F /* Tests_iOSLaunchTests.swift */; };
		C2D24713278571AC00B7264F /* Tests_macOS.swift in Sources */ = {isa = PBXBuildFile; fileRef = C2D24712278571AC00B7264F /* Tests_macOS.swift */; };
		C2D24715278571AC00B7264F /* Tests_macOSLaunchTests.swift in Sources */ = {isa = PBXBuildFile; fileRef = C2D24714278571AC00B7264F /* Tests_macOSLaunchTests.swift */; };
		C2D24716278571AC00B7264F /* TODO.xcdatamodeld in Sources */ = {isa = PBXBuildFile; fileRef = C2D246EB278571A900B7264F /* TODO.xcdatamodeld */; };
		C2D24717278571AC00B7264F /* TODO.xcdatamodeld in Sources */ = {isa = PBXBuildFile; fileRef = C2D246EB278571A900B7264F /* TODO.xcdatamodeld */; };
		C2D24718278571AC00B7264F /* TODOApp.swift in Sources */ = {isa = PBXBuildFile; fileRef = C2D246ED278571A900B7264F /* TODOApp.swift */; };
		C2D24719278571AC00B7264F /* TODOApp.swift in Sources */ = {isa = PBXBuildFile; fileRef = C2D246ED278571A900B7264F /* TODOApp.swift */; };
		C2D2471A278571AC00B7264F /* ContentView.swift in Sources */ = {isa = PBXBuildFile; fileRef = C2D246EE278571A900B7264F /* ContentView.swift */; };
		C2D2471B278571AC00B7264F /* ContentView.swift in Sources */ = {isa = PBXBuildFile; fileRef = C2D246EE278571A900B7264F /* ContentView.swift */; };
		C2D2471C278571AC00B7264F /* Persistence.swift in Sources */ = {isa = PBXBuildFile; fileRef = C2D246EF278571A900B7264F /* Persistence.swift */; };
		C2D2471D278571AC00B7264F /* Persistence.swift in Sources */ = {isa = PBXBuildFile; fileRef = C2D246EF278571A900B7264F /* Persistence.swift */; };
		C2D2471E278571AC00B7264F /* Assets.xcassets in Resources */ = {isa = PBXBuildFile; fileRef = C2D246F0278571AB00B7264F /* Assets.xcassets */; };
		C2D2471F278571AC00B7264F /* Assets.xcassets in Resources */ = {isa = PBXBuildFile; fileRef = C2D246F0278571AB00B7264F /* Assets.xcassets */; };
		C2D247312785779000B7264F /* TodoCell.swift in Sources */ = {isa = PBXBuildFile; fileRef = C2D247302785779000B7264F /* TodoCell.swift */; };
		C2D247322785779000B7264F /* TodoCell.swift in Sources */ = {isa = PBXBuildFile; fileRef = C2D247302785779000B7264F /* TodoCell.swift */; };
		C2D24734278578FC00B7264F /* NewTodoView.swift in Sources */ = {isa = PBXBuildFile; fileRef = C2D24733278578FC00B7264F /* NewTodoView.swift */; };
		C2D24735278578FC00B7264F /* NewTodoView.swift in Sources */ = {isa = PBXBuildFile; fileRef = C2D24733278578FC00B7264F /* NewTodoView.swift */; };
/* End PBXBuildFile section */

/* Begin PBXContainerItemProxy section */
		C20300A62785A0A300F04B27 /* PBXContainerItemProxy */ = {
			isa = PBXContainerItemProxy;
			containerPortal = C2D246E6278571A900B7264F /* Project object */;
			proxyType = 1;
			remoteGlobalIDString = C20300962785A0A100F04B27;
			remoteInfo = "Todo-extExtension";
		};
		C2D24703278571AB00B7264F /* PBXContainerItemProxy */ = {
			isa = PBXContainerItemProxy;
			containerPortal = C2D246E6278571A900B7264F /* Project object */;
			proxyType = 1;
			remoteGlobalIDString = C2D246F4278571AB00B7264F;
			remoteInfo = "TODO (iOS)";
		};
		C2D2470F278571AC00B7264F /* PBXContainerItemProxy */ = {
			isa = PBXContainerItemProxy;
			containerPortal = C2D246E6278571A900B7264F /* Project object */;
			proxyType = 1;
			remoteGlobalIDString = C2D246FA278571AB00B7264F;
			remoteInfo = "TODO (macOS)";
		};
/* End PBXContainerItemProxy section */

/* Begin PBXCopyFilesBuildPhase section */
		C20300AC2785A0A300F04B27 /* Embed App Extensions */ = {
			isa = PBXCopyFilesBuildPhase;
			buildActionMask = 2147483647;
			dstPath = "";
			dstSubfolderSpec = 13;
			files = (
				C20300A82785A0A300F04B27 /* Todo-extExtension.appex in Embed App Extensions */,
			);
			name = "Embed App Extensions";
			runOnlyForDeploymentPostprocessing = 0;
		};
/* End PBXCopyFilesBuildPhase section */

/* Begin PBXFileReference section */
		C2030090278593BD00F04B27 /* ToDoStore.swift */ = {isa = PBXFileReference; lastKnownFileType = sourcecode.swift; path = ToDoStore.swift; sourceTree = "<group>"; };
		C20300972785A0A100F04B27 /* Todo-extExtension.appex */ = {isa = PBXFileReference; explicitFileType = "wrapper.app-extension"; includeInIndex = 0; path = "Todo-extExtension.appex"; sourceTree = BUILT_PRODUCTS_DIR; };
		C20300992785A0A100F04B27 /* WidgetKit.framework */ = {isa = PBXFileReference; lastKnownFileType = wrapper.framework; name = WidgetKit.framework; path = System/Library/Frameworks/WidgetKit.framework; sourceTree = SDKROOT; };
		C203009B2785A0A100F04B27 /* SwiftUI.framework */ = {isa = PBXFileReference; lastKnownFileType = wrapper.framework; name = SwiftUI.framework; path = System/Library/Frameworks/SwiftUI.framework; sourceTree = SDKROOT; };
		C203009E2785A0A100F04B27 /* Todo_ext.swift */ = {isa = PBXFileReference; lastKnownFileType = sourcecode.swift; path = Todo_ext.swift; sourceTree = "<group>"; };
		C20300A02785A0A100F04B27 /* Todo_ext.intentdefinition */ = {isa = PBXFileReference; lastKnownFileType = file.intentdefinition; path = Todo_ext.intentdefinition; sourceTree = "<group>"; };
		C20300A12785A0A300F04B27 /* Assets.xcassets */ = {isa = PBXFileReference; lastKnownFileType = folder.assetcatalog; path = Assets.xcassets; sourceTree = "<group>"; };
		C20300A32785A0A300F04B27 /* Info.plist */ = {isa = PBXFileReference; lastKnownFileType = text.plist.xml; path = Info.plist; sourceTree = "<group>"; };
		C217CF9F278D91C200F05543 /* NewItemView.swift */ = {isa = PBXFileReference; lastKnownFileType = sourcecode.swift; path = NewItemView.swift; sourceTree = "<group>"; };
		C2AA6EE1278E68B700933147 /* Pallet.swift */ = {isa = PBXFileReference; lastKnownFileType = sourcecode.swift; path = Pallet.swift; sourceTree = "<group>"; };
		C2AA6EE4278E6BDF00933147 /* Todo.swift */ = {isa = PBXFileReference; lastKnownFileType = sourcecode.swift; path = Todo.swift; sourceTree = "<group>"; };
		C2AA6EE7278E6EE200933147 /* TodoService.swift */ = {isa = PBXFileReference; lastKnownFileType = sourcecode.swift; path = TodoService.swift; sourceTree = "<group>"; };
		C2AA6EEA278E6FD900933147 /* TodoMO+Extension.swift */ = {isa = PBXFileReference; lastKnownFileType = sourcecode.swift; path = "TodoMO+Extension.swift"; sourceTree = "<group>"; };
		C2AA6EEE278EBBA700933147 /* StrikethroughTextModifier.swift */ = {isa = PBXFileReference; lastKnownFileType = sourcecode.swift; path = StrikethroughTextModifier.swift; sourceTree = "<group>"; };
		C2AA6EF1278EC5C000933147 /* Const.swift */ = {isa = PBXFileReference; lastKnownFileType = sourcecode.swift; path = Const.swift; sourceTree = "<group>"; };
		C2AA6EF4278ECA2300933147 /* Extensions.swift */ = {isa = PBXFileReference; lastKnownFileType = sourcecode.swift; path = Extensions.swift; sourceTree = "<group>"; };
		C2AA6EF7278EE25600933147 /* TodoList.swift */ = {isa = PBXFileReference; lastKnownFileType = sourcecode.swift; path = TodoList.swift; sourceTree = "<group>"; };
		C2D246EC278571A900B7264F /* Shared.xcdatamodel */ = {isa = PBXFileReference; lastKnownFileType = wrapper.xcdatamodel; path = Shared.xcdatamodel; sourceTree = "<group>"; };
		C2D246ED278571A900B7264F /* TODOApp.swift */ = {isa = PBXFileReference; lastKnownFileType = sourcecode.swift; path = TODOApp.swift; sourceTree = "<group>"; };
		C2D246EE278571A900B7264F /* ContentView.swift */ = {isa = PBXFileReference; lastKnownFileType = sourcecode.swift; path = ContentView.swift; sourceTree = "<group>"; };
		C2D246EF278571A900B7264F /* Persistence.swift */ = {isa = PBXFileReference; lastKnownFileType = sourcecode.swift; path = Persistence.swift; sourceTree = "<group>"; };
		C2D246F0278571AB00B7264F /* Assets.xcassets */ = {isa = PBXFileReference; lastKnownFileType = folder.assetcatalog; path = Assets.xcassets; sourceTree = "<group>"; };
		C2D246F5278571AB00B7264F /* TODO.app */ = {isa = PBXFileReference; explicitFileType = wrapper.application; includeInIndex = 0; path = TODO.app; sourceTree = BUILT_PRODUCTS_DIR; };
		C2D246FB278571AB00B7264F /* TODO.app */ = {isa = PBXFileReference; explicitFileType = wrapper.application; includeInIndex = 0; path = TODO.app; sourceTree = BUILT_PRODUCTS_DIR; };
		C2D246FD278571AB00B7264F /* macOS.entitlements */ = {isa = PBXFileReference; lastKnownFileType = text.plist.entitlements; path = macOS.entitlements; sourceTree = "<group>"; };
		C2D24702278571AB00B7264F /* Tests iOS.xctest */ = {isa = PBXFileReference; explicitFileType = wrapper.cfbundle; includeInIndex = 0; path = "Tests iOS.xctest"; sourceTree = BUILT_PRODUCTS_DIR; };
		C2D24706278571AB00B7264F /* Tests_iOS.swift */ = {isa = PBXFileReference; lastKnownFileType = sourcecode.swift; path = Tests_iOS.swift; sourceTree = "<group>"; };
		C2D24708278571AB00B7264F /* Tests_iOSLaunchTests.swift */ = {isa = PBXFileReference; lastKnownFileType = sourcecode.swift; path = Tests_iOSLaunchTests.swift; sourceTree = "<group>"; };
		C2D2470E278571AC00B7264F /* Tests macOS.xctest */ = {isa = PBXFileReference; explicitFileType = wrapper.cfbundle; includeInIndex = 0; path = "Tests macOS.xctest"; sourceTree = BUILT_PRODUCTS_DIR; };
		C2D24712278571AC00B7264F /* Tests_macOS.swift */ = {isa = PBXFileReference; lastKnownFileType = sourcecode.swift; path = Tests_macOS.swift; sourceTree = "<group>"; };
		C2D24714278571AC00B7264F /* Tests_macOSLaunchTests.swift */ = {isa = PBXFileReference; lastKnownFileType = sourcecode.swift; path = Tests_macOSLaunchTests.swift; sourceTree = "<group>"; };
		C2D247302785779000B7264F /* TodoCell.swift */ = {isa = PBXFileReference; lastKnownFileType = sourcecode.swift; path = TodoCell.swift; sourceTree = "<group>"; };
		C2D24733278578FC00B7264F /* NewTodoView.swift */ = {isa = PBXFileReference; lastKnownFileType = sourcecode.swift; path = NewTodoView.swift; sourceTree = "<group>"; };
/* End PBXFileReference section */

/* Begin PBXFrameworksBuildPhase section */
		C20300942785A0A100F04B27 /* Frameworks */ = {
			isa = PBXFrameworksBuildPhase;
			buildActionMask = 2147483647;
			files = (
				C203009C2785A0A100F04B27 /* SwiftUI.framework in Frameworks */,
				C203009A2785A0A100F04B27 /* WidgetKit.framework in Frameworks */,
			);
			runOnlyForDeploymentPostprocessing = 0;
		};
		C2D246F2278571AB00B7264F /* Frameworks */ = {
			isa = PBXFrameworksBuildPhase;
			buildActionMask = 2147483647;
			files = (
			);
			runOnlyForDeploymentPostprocessing = 0;
		};
		C2D246F8278571AB00B7264F /* Frameworks */ = {
			isa = PBXFrameworksBuildPhase;
			buildActionMask = 2147483647;
			files = (
			);
			runOnlyForDeploymentPostprocessing = 0;
		};
		C2D246FF278571AB00B7264F /* Frameworks */ = {
			isa = PBXFrameworksBuildPhase;
			buildActionMask = 2147483647;
			files = (
			);
			runOnlyForDeploymentPostprocessing = 0;
		};
		C2D2470B278571AC00B7264F /* Frameworks */ = {
			isa = PBXFrameworksBuildPhase;
			buildActionMask = 2147483647;
			files = (
			);
			runOnlyForDeploymentPostprocessing = 0;
		};
/* End PBXFrameworksBuildPhase section */

/* Begin PBXGroup section */
		C20300982785A0A100F04B27 /* Frameworks */ = {
			isa = PBXGroup;
			children = (
				C20300992785A0A100F04B27 /* WidgetKit.framework */,
				C203009B2785A0A100F04B27 /* SwiftUI.framework */,
			);
			name = Frameworks;
			sourceTree = "<group>";
		};
		C203009D2785A0A100F04B27 /* Todo-ext */ = {
			isa = PBXGroup;
			children = (
				C203009E2785A0A100F04B27 /* Todo_ext.swift */,
				C20300A02785A0A100F04B27 /* Todo_ext.intentdefinition */,
				C20300A12785A0A300F04B27 /* Assets.xcassets */,
				C20300A32785A0A300F04B27 /* Info.plist */,
			);
			path = "Todo-ext";
			sourceTree = "<group>";
		};
		C232E3CD2790334F00810824 /* Components */ = {
			isa = PBXGroup;
			children = (
				C2AA6EF7278EE25600933147 /* TodoList.swift */,
				C217CF9F278D91C200F05543 /* NewItemView.swift */,
			);
			path = Components;
			sourceTree = "<group>";
		};
		C2AA6EE0278E689C00933147 /* Others */ = {
			isa = PBXGroup;
			children = (
				C2AA6EE1278E68B700933147 /* Pallet.swift */,
				C2AA6EF1278EC5C000933147 /* Const.swift */,
				C2AA6EF4278ECA2300933147 /* Extensions.swift */,
			);
			path = Others;
			sourceTree = "<group>";
		};
		C2AA6EED278EBB5400933147 /* ViewModifier */ = {
			isa = PBXGroup;
			children = (
				C2AA6EEE278EBBA700933147 /* StrikethroughTextModifier.swift */,
			);
			path = ViewModifier;
			sourceTree = "<group>";
		};
		C2D246E5278571A900B7264F = {
			isa = PBXGroup;
			children = (
				C2D246EA278571A900B7264F /* Shared */,
				C2D246FC278571AB00B7264F /* macOS */,
				C2D24705278571AB00B7264F /* Tests iOS */,
				C2D24711278571AC00B7264F /* Tests macOS */,
				C203009D2785A0A100F04B27 /* Todo-ext */,
				C20300982785A0A100F04B27 /* Frameworks */,
				C2D246F6278571AB00B7264F /* Products */,
			);
			sourceTree = "<group>";
		};
		C2D246EA278571A900B7264F /* Shared */ = {
			isa = PBXGroup;
			children = (
				C232E3CD2790334F00810824 /* Components */,
				C2D2472E2785776600B7264F /* Views */,
				C2D2472F2785776E00B7264F /* Model */,
				C2AA6EED278EBB5400933147 /* ViewModifier */,
				C2AA6EE0278E689C00933147 /* Others */,
				C2D246ED278571A900B7264F /* TODOApp.swift */,
				C2D246F0278571AB00B7264F /* Assets.xcassets */,
				C2D246EB278571A900B7264F /* TODO.xcdatamodeld */,
			);
			path = Shared;
			sourceTree = "<group>";
		};
		C2D246F6278571AB00B7264F /* Products */ = {
			isa = PBXGroup;
			children = (
				C2D246F5278571AB00B7264F /* TODO.app */,
				C2D246FB278571AB00B7264F /* TODO.app */,
				C2D24702278571AB00B7264F /* Tests iOS.xctest */,
				C2D2470E278571AC00B7264F /* Tests macOS.xctest */,
				C20300972785A0A100F04B27 /* Todo-extExtension.appex */,
			);
			name = Products;
			sourceTree = "<group>";
		};
		C2D246FC278571AB00B7264F /* macOS */ = {
			isa = PBXGroup;
			children = (
				C2D246FD278571AB00B7264F /* macOS.entitlements */,
			);
			path = macOS;
			sourceTree = "<group>";
		};
		C2D24705278571AB00B7264F /* Tests iOS */ = {
			isa = PBXGroup;
			children = (
				C2D24706278571AB00B7264F /* Tests_iOS.swift */,
				C2D24708278571AB00B7264F /* Tests_iOSLaunchTests.swift */,
			);
			path = "Tests iOS";
			sourceTree = "<group>";
		};
		C2D24711278571AC00B7264F /* Tests macOS */ = {
			isa = PBXGroup;
			children = (
				C2D24712278571AC00B7264F /* Tests_macOS.swift */,
				C2D24714278571AC00B7264F /* Tests_macOSLaunchTests.swift */,
			);
			path = "Tests macOS";
			sourceTree = "<group>";
		};
		C2D2472E2785776600B7264F /* Views */ = {
			isa = PBXGroup;
			children = (
				C2D246EE278571A900B7264F /* ContentView.swift */,
				C2D247302785779000B7264F /* TodoCell.swift */,
				C2D24733278578FC00B7264F /* NewTodoView.swift */,
			);
			path = Views;
			sourceTree = "<group>";
		};
		C2D2472F2785776E00B7264F /* Model */ = {
			isa = PBXGroup;
			children = (
				C2D246EF278571A900B7264F /* Persistence.swift */,
				C2030090278593BD00F04B27 /* ToDoStore.swift */,
				C2AA6EE4278E6BDF00933147 /* Todo.swift */,
				C2AA6EE7278E6EE200933147 /* TodoService.swift */,
				C2AA6EEA278E6FD900933147 /* TodoMO+Extension.swift */,
			);
			path = Model;
			sourceTree = "<group>";
		};
/* End PBXGroup section */

/* Begin PBXNativeTarget section */
		C20300962785A0A100F04B27 /* Todo-extExtension */ = {
			isa = PBXNativeTarget;
			buildConfigurationList = C20300A92785A0A300F04B27 /* Build configuration list for PBXNativeTarget "Todo-extExtension" */;
			buildPhases = (
				C20300932785A0A100F04B27 /* Sources */,
				C20300942785A0A100F04B27 /* Frameworks */,
				C20300952785A0A100F04B27 /* Resources */,
			);
			buildRules = (
			);
			dependencies = (
			);
			name = "Todo-extExtension";
			productName = "Todo-extExtension";
			productReference = C20300972785A0A100F04B27 /* Todo-extExtension.appex */;
			productType = "com.apple.product-type.app-extension";
		};
		C2D246F4278571AB00B7264F /* TODO (iOS) */ = {
			isa = PBXNativeTarget;
			buildConfigurationList = C2D24722278571AC00B7264F /* Build configuration list for PBXNativeTarget "TODO (iOS)" */;
			buildPhases = (
				C2D246F1278571AB00B7264F /* Sources */,
				C2D246F2278571AB00B7264F /* Frameworks */,
				C2D246F3278571AB00B7264F /* Resources */,
				C20300AC2785A0A300F04B27 /* Embed App Extensions */,
			);
			buildRules = (
			);
			dependencies = (
				C20300A72785A0A300F04B27 /* PBXTargetDependency */,
			);
			name = "TODO (iOS)";
			productName = "TODO (iOS)";
			productReference = C2D246F5278571AB00B7264F /* TODO.app */;
			productType = "com.apple.product-type.application";
		};
		C2D246FA278571AB00B7264F /* TODO (macOS) */ = {
			isa = PBXNativeTarget;
			buildConfigurationList = C2D24725278571AC00B7264F /* Build configuration list for PBXNativeTarget "TODO (macOS)" */;
			buildPhases = (
				C2D246F7278571AB00B7264F /* Sources */,
				C2D246F8278571AB00B7264F /* Frameworks */,
				C2D246F9278571AB00B7264F /* Resources */,
			);
			buildRules = (
			);
			dependencies = (
			);
			name = "TODO (macOS)";
			productName = "TODO (macOS)";
			productReference = C2D246FB278571AB00B7264F /* TODO.app */;
			productType = "com.apple.product-type.application";
		};
		C2D24701278571AB00B7264F /* Tests iOS */ = {
			isa = PBXNativeTarget;
			buildConfigurationList = C2D24728278571AC00B7264F /* Build configuration list for PBXNativeTarget "Tests iOS" */;
			buildPhases = (
				C2D246FE278571AB00B7264F /* Sources */,
				C2D246FF278571AB00B7264F /* Frameworks */,
				C2D24700278571AB00B7264F /* Resources */,
			);
			buildRules = (
			);
			dependencies = (
				C2D24704278571AB00B7264F /* PBXTargetDependency */,
			);
			name = "Tests iOS";
			productName = "Tests iOS";
			productReference = C2D24702278571AB00B7264F /* Tests iOS.xctest */;
			productType = "com.apple.product-type.bundle.ui-testing";
		};
		C2D2470D278571AC00B7264F /* Tests macOS */ = {
			isa = PBXNativeTarget;
			buildConfigurationList = C2D2472B278571AC00B7264F /* Build configuration list for PBXNativeTarget "Tests macOS" */;
			buildPhases = (
				C2D2470A278571AC00B7264F /* Sources */,
				C2D2470B278571AC00B7264F /* Frameworks */,
				C2D2470C278571AC00B7264F /* Resources */,
			);
			buildRules = (
			);
			dependencies = (
				C2D24710278571AC00B7264F /* PBXTargetDependency */,
			);
			name = "Tests macOS";
			productName = "Tests macOS";
			productReference = C2D2470E278571AC00B7264F /* Tests macOS.xctest */;
			productType = "com.apple.product-type.bundle.ui-testing";
		};
/* End PBXNativeTarget section */

/* Begin PBXProject section */
		C2D246E6278571A900B7264F /* Project object */ = {
			isa = PBXProject;
			attributes = {
				BuildIndependentTargetsInParallel = 1;
				LastSwiftUpdateCheck = 1310;
				LastUpgradeCheck = 1310;
				TargetAttributes = {
					C20300962785A0A100F04B27 = {
						CreatedOnToolsVersion = 13.1;
					};
					C2D246F4278571AB00B7264F = {
						CreatedOnToolsVersion = 13.1;
					};
					C2D246FA278571AB00B7264F = {
						CreatedOnToolsVersion = 13.1;
					};
					C2D24701278571AB00B7264F = {
						CreatedOnToolsVersion = 13.1;
						TestTargetID = C2D246F4278571AB00B7264F;
					};
					C2D2470D278571AC00B7264F = {
						CreatedOnToolsVersion = 13.1;
						TestTargetID = C2D246FA278571AB00B7264F;
					};
				};
			};
			buildConfigurationList = C2D246E9278571A900B7264F /* Build configuration list for PBXProject "TODO" */;
			compatibilityVersion = "Xcode 13.0";
			developmentRegion = en;
			hasScannedForEncodings = 0;
			knownRegions = (
				en,
				Base,
			);
			mainGroup = C2D246E5278571A900B7264F;
			productRefGroup = C2D246F6278571AB00B7264F /* Products */;
			projectDirPath = "";
			projectRoot = "";
			targets = (
				C2D246F4278571AB00B7264F /* TODO (iOS) */,
				C2D246FA278571AB00B7264F /* TODO (macOS) */,
				C2D24701278571AB00B7264F /* Tests iOS */,
				C2D2470D278571AC00B7264F /* Tests macOS */,
				C20300962785A0A100F04B27 /* Todo-extExtension */,
			);
		};
/* End PBXProject section */

/* Begin PBXResourcesBuildPhase section */
		C20300952785A0A100F04B27 /* Resources */ = {
			isa = PBXResourcesBuildPhase;
			buildActionMask = 2147483647;
			files = (
				C20300A22785A0A300F04B27 /* Assets.xcassets in Resources */,
			);
			runOnlyForDeploymentPostprocessing = 0;
		};
		C2D246F3278571AB00B7264F /* Resources */ = {
			isa = PBXResourcesBuildPhase;
			buildActionMask = 2147483647;
			files = (
				C2D2471E278571AC00B7264F /* Assets.xcassets in Resources */,
			);
			runOnlyForDeploymentPostprocessing = 0;
		};
		C2D246F9278571AB00B7264F /* Resources */ = {
			isa = PBXResourcesBuildPhase;
			buildActionMask = 2147483647;
			files = (
				C2D2471F278571AC00B7264F /* Assets.xcassets in Resources */,
			);
			runOnlyForDeploymentPostprocessing = 0;
		};
		C2D24700278571AB00B7264F /* Resources */ = {
			isa = PBXResourcesBuildPhase;
			buildActionMask = 2147483647;
			files = (
			);
			runOnlyForDeploymentPostprocessing = 0;
		};
		C2D2470C278571AC00B7264F /* Resources */ = {
			isa = PBXResourcesBuildPhase;
			buildActionMask = 2147483647;
			files = (
			);
			runOnlyForDeploymentPostprocessing = 0;
		};
/* End PBXResourcesBuildPhase section */

/* Begin PBXSourcesBuildPhase section */
		C20300932785A0A100F04B27 /* Sources */ = {
			isa = PBXSourcesBuildPhase;
			buildActionMask = 2147483647;
			files = (
				C20300A42785A0A300F04B27 /* Todo_ext.intentdefinition in Sources */,
				C203009F2785A0A100F04B27 /* Todo_ext.swift in Sources */,
			);
			runOnlyForDeploymentPostprocessing = 0;
		};
		C2D246F1278571AB00B7264F /* Sources */ = {
			isa = PBXSourcesBuildPhase;
			buildActionMask = 2147483647;
			files = (
				C2AA6EE5278E6BDF00933147 /* Todo.swift in Sources */,
				C2AA6EEB278E6FD900933147 /* TodoMO+Extension.swift in Sources */,
				C2AA6EF8278EE25600933147 /* TodoList.swift in Sources */,
				C217CFA0278D91C200F05543 /* NewItemView.swift in Sources */,
				C20300A52785A0A300F04B27 /* Todo_ext.intentdefinition in Sources */,
				C2AA6EE8278E6EE200933147 /* TodoService.swift in Sources */,
				C2AA6EEF278EBBA700933147 /* StrikethroughTextModifier.swift in Sources */,
				C2030091278593BE00F04B27 /* ToDoStore.swift in Sources */,
				C2D247312785779000B7264F /* TodoCell.swift in Sources */,
				C2D24716278571AC00B7264F /* TODO.xcdatamodeld in Sources */,
				C2AA6EE2278E68B700933147 /* Pallet.swift in Sources */,
				C2D2471C278571AC00B7264F /* Persistence.swift in Sources */,
				C2AA6EF5278ECA2300933147 /* Extensions.swift in Sources */,
				C2D24734278578FC00B7264F /* NewTodoView.swift in Sources */,
				C2D24718278571AC00B7264F /* TODOApp.swift in Sources */,
				C2D2471A278571AC00B7264F /* ContentView.swift in Sources */,
				C2AA6EF2278EC5C000933147 /* Const.swift in Sources */,
			);
			runOnlyForDeploymentPostprocessing = 0;
		};
		C2D246F7278571AB00B7264F /* Sources */ = {
			isa = PBXSourcesBuildPhase;
			buildActionMask = 2147483647;
			files = (
				C217CFA1278D91C200F05543 /* NewItemView.swift in Sources */,
				C2AA6EF0278EBBA700933147 /* StrikethroughTextModifier.swift in Sources */,
				C2AA6EE3278E68B700933147 /* Pallet.swift in Sources */,
				C2030092278593BE00F04B27 /* ToDoStore.swift in Sources */,
				C2AA6EEC278E6FD900933147 /* TodoMO+Extension.swift in Sources */,
				C2D247322785779000B7264F /* TodoCell.swift in Sources */,
				C2D24717278571AC00B7264F /* TODO.xcdatamodeld in Sources */,
				C2D2471D278571AC00B7264F /* Persistence.swift in Sources */,
				C2AA6EE9278E6EE200933147 /* TodoService.swift in Sources */,
				C2D24735278578FC00B7264F /* NewTodoView.swift in Sources */,
				C2AA6EF6278ECA2300933147 /* Extensions.swift in Sources */,
				C2AA6EF9278EE25600933147 /* TodoList.swift in Sources */,
				C2D24719278571AC00B7264F /* TODOApp.swift in Sources */,
				C2D2471B278571AC00B7264F /* ContentView.swift in Sources */,
				C2AA6EE6278E6BDF00933147 /* Todo.swift in Sources */,
				C2AA6EF3278EC5C000933147 /* Const.swift in Sources */,
			);
			runOnlyForDeploymentPostprocessing = 0;
		};
		C2D246FE278571AB00B7264F /* Sources */ = {
			isa = PBXSourcesBuildPhase;
			buildActionMask = 2147483647;
			files = (
				C2D24709278571AB00B7264F /* Tests_iOSLaunchTests.swift in Sources */,
				C2D24707278571AB00B7264F /* Tests_iOS.swift in Sources */,
			);
			runOnlyForDeploymentPostprocessing = 0;
		};
		C2D2470A278571AC00B7264F /* Sources */ = {
			isa = PBXSourcesBuildPhase;
			buildActionMask = 2147483647;
			files = (
				C2D24715278571AC00B7264F /* Tests_macOSLaunchTests.swift in Sources */,
				C2D24713278571AC00B7264F /* Tests_macOS.swift in Sources */,
			);
			runOnlyForDeploymentPostprocessing = 0;
		};
/* End PBXSourcesBuildPhase section */

/* Begin PBXTargetDependency section */
		C20300A72785A0A300F04B27 /* PBXTargetDependency */ = {
			isa = PBXTargetDependency;
			target = C20300962785A0A100F04B27 /* Todo-extExtension */;
			targetProxy = C20300A62785A0A300F04B27 /* PBXContainerItemProxy */;
		};
		C2D24704278571AB00B7264F /* PBXTargetDependency */ = {
			isa = PBXTargetDependency;
			target = C2D246F4278571AB00B7264F /* TODO (iOS) */;
			targetProxy = C2D24703278571AB00B7264F /* PBXContainerItemProxy */;
		};
		C2D24710278571AC00B7264F /* PBXTargetDependency */ = {
			isa = PBXTargetDependency;
			target = C2D246FA278571AB00B7264F /* TODO (macOS) */;
			targetProxy = C2D2470F278571AC00B7264F /* PBXContainerItemProxy */;
		};
/* End PBXTargetDependency section */

/* Begin XCBuildConfiguration section */
		C20300AA2785A0A300F04B27 /* Debug */ = {
			isa = XCBuildConfiguration;
			buildSettings = {
				ASSETCATALOG_COMPILER_GLOBAL_ACCENT_COLOR_NAME = AccentColor;
				ASSETCATALOG_COMPILER_WIDGET_BACKGROUND_COLOR_NAME = WidgetBackground;
				CODE_SIGN_STYLE = Automatic;
				CURRENT_PROJECT_VERSION = 1;
				DEVELOPMENT_TEAM = UA8U3Z7XU4;
				GENERATE_INFOPLIST_FILE = YES;
				INFOPLIST_FILE = "Todo-ext/Info.plist";
				INFOPLIST_KEY_CFBundleDisplayName = "Todo-ext";
				INFOPLIST_KEY_NSHumanReadableCopyright = "";
				IPHONEOS_DEPLOYMENT_TARGET = 15.0;
				LD_RUNPATH_SEARCH_PATHS = (
					"$(inherited)",
					"@executable_path/Frameworks",
					"@executable_path/../../Frameworks",
				);
				MARKETING_VERSION = 1.0;
				PRODUCT_BUNDLE_IDENTIFIER = "me.jewelz.TODO.Todo-ext";
				PRODUCT_NAME = "$(TARGET_NAME)";
				SDKROOT = iphoneos;
				SKIP_INSTALL = YES;
				SWIFT_EMIT_LOC_STRINGS = YES;
				SWIFT_VERSION = 5.0;
				TARGETED_DEVICE_FAMILY = "1,2";
			};
			name = Debug;
		};
		C20300AB2785A0A300F04B27 /* Release */ = {
			isa = XCBuildConfiguration;
			buildSettings = {
				ASSETCATALOG_COMPILER_GLOBAL_ACCENT_COLOR_NAME = AccentColor;
				ASSETCATALOG_COMPILER_WIDGET_BACKGROUND_COLOR_NAME = WidgetBackground;
				CODE_SIGN_STYLE = Automatic;
				CURRENT_PROJECT_VERSION = 1;
				DEVELOPMENT_TEAM = UA8U3Z7XU4;
				GENERATE_INFOPLIST_FILE = YES;
				INFOPLIST_FILE = "Todo-ext/Info.plist";
				INFOPLIST_KEY_CFBundleDisplayName = "Todo-ext";
				INFOPLIST_KEY_NSHumanReadableCopyright = "";
				IPHONEOS_DEPLOYMENT_TARGET = 15.0;
				LD_RUNPATH_SEARCH_PATHS = (
					"$(inherited)",
					"@executable_path/Frameworks",
					"@executable_path/../../Frameworks",
				);
				MARKETING_VERSION = 1.0;
				PRODUCT_BUNDLE_IDENTIFIER = "me.jewelz.TODO.Todo-ext";
				PRODUCT_NAME = "$(TARGET_NAME)";
				SDKROOT = iphoneos;
				SKIP_INSTALL = YES;
				SWIFT_EMIT_LOC_STRINGS = YES;
				SWIFT_VERSION = 5.0;
				TARGETED_DEVICE_FAMILY = "1,2";
				VALIDATE_PRODUCT = YES;
			};
			name = Release;
		};
		C2D24720278571AC00B7264F /* Debug */ = {
			isa = XCBuildConfiguration;
			buildSettings = {
				ALWAYS_SEARCH_USER_PATHS = NO;
				CLANG_ANALYZER_NONNULL = YES;
				CLANG_ANALYZER_NUMBER_OBJECT_CONVERSION = YES_AGGRESSIVE;
				CLANG_CXX_LANGUAGE_STANDARD = "gnu++17";
				CLANG_CXX_LIBRARY = "libc++";
				CLANG_ENABLE_MODULES = YES;
				CLANG_ENABLE_OBJC_ARC = YES;
				CLANG_ENABLE_OBJC_WEAK = YES;
				CLANG_WARN_BLOCK_CAPTURE_AUTORELEASING = YES;
				CLANG_WARN_BOOL_CONVERSION = YES;
				CLANG_WARN_COMMA = YES;
				CLANG_WARN_CONSTANT_CONVERSION = YES;
				CLANG_WARN_DEPRECATED_OBJC_IMPLEMENTATIONS = YES;
				CLANG_WARN_DIRECT_OBJC_ISA_USAGE = YES_ERROR;
				CLANG_WARN_DOCUMENTATION_COMMENTS = YES;
				CLANG_WARN_EMPTY_BODY = YES;
				CLANG_WARN_ENUM_CONVERSION = YES;
				CLANG_WARN_INFINITE_RECURSION = YES;
				CLANG_WARN_INT_CONVERSION = YES;
				CLANG_WARN_NON_LITERAL_NULL_CONVERSION = YES;
				CLANG_WARN_OBJC_IMPLICIT_RETAIN_SELF = YES;
				CLANG_WARN_OBJC_LITERAL_CONVERSION = YES;
				CLANG_WARN_OBJC_ROOT_CLASS = YES_ERROR;
				CLANG_WARN_QUOTED_INCLUDE_IN_FRAMEWORK_HEADER = YES;
				CLANG_WARN_RANGE_LOOP_ANALYSIS = YES;
				CLANG_WARN_STRICT_PROTOTYPES = YES;
				CLANG_WARN_SUSPICIOUS_MOVE = YES;
				CLANG_WARN_UNGUARDED_AVAILABILITY = YES_AGGRESSIVE;
				CLANG_WARN_UNREACHABLE_CODE = YES;
				CLANG_WARN__DUPLICATE_METHOD_MATCH = YES;
				COPY_PHASE_STRIP = NO;
				DEBUG_INFORMATION_FORMAT = dwarf;
				ENABLE_STRICT_OBJC_MSGSEND = YES;
				ENABLE_TESTABILITY = YES;
				GCC_C_LANGUAGE_STANDARD = gnu11;
				GCC_DYNAMIC_NO_PIC = NO;
				GCC_NO_COMMON_BLOCKS = YES;
				GCC_OPTIMIZATION_LEVEL = 0;
				GCC_PREPROCESSOR_DEFINITIONS = (
					"DEBUG=1",
					"$(inherited)",
				);
				GCC_WARN_64_TO_32_BIT_CONVERSION = YES;
				GCC_WARN_ABOUT_RETURN_TYPE = YES_ERROR;
				GCC_WARN_UNDECLARED_SELECTOR = YES;
				GCC_WARN_UNINITIALIZED_AUTOS = YES_AGGRESSIVE;
				GCC_WARN_UNUSED_FUNCTION = YES;
				GCC_WARN_UNUSED_VARIABLE = YES;
				MTL_ENABLE_DEBUG_INFO = INCLUDE_SOURCE;
				MTL_FAST_MATH = YES;
				ONLY_ACTIVE_ARCH = YES;
				SWIFT_ACTIVE_COMPILATION_CONDITIONS = DEBUG;
				SWIFT_OPTIMIZATION_LEVEL = "-Onone";
			};
			name = Debug;
		};
		C2D24721278571AC00B7264F /* Release */ = {
			isa = XCBuildConfiguration;
			buildSettings = {
				ALWAYS_SEARCH_USER_PATHS = NO;
				CLANG_ANALYZER_NONNULL = YES;
				CLANG_ANALYZER_NUMBER_OBJECT_CONVERSION = YES_AGGRESSIVE;
				CLANG_CXX_LANGUAGE_STANDARD = "gnu++17";
				CLANG_CXX_LIBRARY = "libc++";
				CLANG_ENABLE_MODULES = YES;
				CLANG_ENABLE_OBJC_ARC = YES;
				CLANG_ENABLE_OBJC_WEAK = YES;
				CLANG_WARN_BLOCK_CAPTURE_AUTORELEASING = YES;
				CLANG_WARN_BOOL_CONVERSION = YES;
				CLANG_WARN_COMMA = YES;
				CLANG_WARN_CONSTANT_CONVERSION = YES;
				CLANG_WARN_DEPRECATED_OBJC_IMPLEMENTATIONS = YES;
				CLANG_WARN_DIRECT_OBJC_ISA_USAGE = YES_ERROR;
				CLANG_WARN_DOCUMENTATION_COMMENTS = YES;
				CLANG_WARN_EMPTY_BODY = YES;
				CLANG_WARN_ENUM_CONVERSION = YES;
				CLANG_WARN_INFINITE_RECURSION = YES;
				CLANG_WARN_INT_CONVERSION = YES;
				CLANG_WARN_NON_LITERAL_NULL_CONVERSION = YES;
				CLANG_WARN_OBJC_IMPLICIT_RETAIN_SELF = YES;
				CLANG_WARN_OBJC_LITERAL_CONVERSION = YES;
				CLANG_WARN_OBJC_ROOT_CLASS = YES_ERROR;
				CLANG_WARN_QUOTED_INCLUDE_IN_FRAMEWORK_HEADER = YES;
				CLANG_WARN_RANGE_LOOP_ANALYSIS = YES;
				CLANG_WARN_STRICT_PROTOTYPES = YES;
				CLANG_WARN_SUSPICIOUS_MOVE = YES;
				CLANG_WARN_UNGUARDED_AVAILABILITY = YES_AGGRESSIVE;
				CLANG_WARN_UNREACHABLE_CODE = YES;
				CLANG_WARN__DUPLICATE_METHOD_MATCH = YES;
				COPY_PHASE_STRIP = NO;
				DEBUG_INFORMATION_FORMAT = "dwarf-with-dsym";
				ENABLE_NS_ASSERTIONS = NO;
				ENABLE_STRICT_OBJC_MSGSEND = YES;
				GCC_C_LANGUAGE_STANDARD = gnu11;
				GCC_NO_COMMON_BLOCKS = YES;
				GCC_WARN_64_TO_32_BIT_CONVERSION = YES;
				GCC_WARN_ABOUT_RETURN_TYPE = YES_ERROR;
				GCC_WARN_UNDECLARED_SELECTOR = YES;
				GCC_WARN_UNINITIALIZED_AUTOS = YES_AGGRESSIVE;
				GCC_WARN_UNUSED_FUNCTION = YES;
				GCC_WARN_UNUSED_VARIABLE = YES;
				MTL_ENABLE_DEBUG_INFO = NO;
				MTL_FAST_MATH = YES;
				SWIFT_COMPILATION_MODE = wholemodule;
				SWIFT_OPTIMIZATION_LEVEL = "-O";
			};
			name = Release;
		};
		C2D24723278571AC00B7264F /* Debug */ = {
			isa = XCBuildConfiguration;
			buildSettings = {
				ALWAYS_EMBED_SWIFT_STANDARD_LIBRARIES = YES;
				ASSETCATALOG_COMPILER_APPICON_NAME = AppIcon;
				ASSETCATALOG_COMPILER_GLOBAL_ACCENT_COLOR_NAME = AccentColor;
				CODE_SIGN_STYLE = Automatic;
				CURRENT_PROJECT_VERSION = 1;
				DEVELOPMENT_TEAM = UA8U3Z7XU4;
				ENABLE_PREVIEWS = YES;
				GENERATE_INFOPLIST_FILE = YES;
				INFOPLIST_KEY_UIApplicationSceneManifest_Generation = YES;
				INFOPLIST_KEY_UIApplicationSupportsIndirectInputEvents = YES;
				INFOPLIST_KEY_UILaunchScreen_Generation = YES;
				INFOPLIST_KEY_UISupportedInterfaceOrientations = "";
				INFOPLIST_KEY_UISupportedInterfaceOrientations_iPad = "UIInterfaceOrientationPortrait UIInterfaceOrientationPortraitUpsideDown UIInterfaceOrientationLandscapeLeft UIInterfaceOrientationLandscapeRight";
				INFOPLIST_KEY_UISupportedInterfaceOrientations_iPhone = "UIInterfaceOrientationPortrait UIInterfaceOrientationLandscapeLeft UIInterfaceOrientationLandscapeRight";
				IPHONEOS_DEPLOYMENT_TARGET = 15.0;
				LD_RUNPATH_SEARCH_PATHS = (
					"$(inherited)",
					"@executable_path/Frameworks",
				);
				MARKETING_VERSION = 1.0;
				PRODUCT_BUNDLE_IDENTIFIER = me.jewelz.TODO;
				PRODUCT_NAME = TODO;
				SDKROOT = iphoneos;
				SWIFT_EMIT_LOC_STRINGS = YES;
				SWIFT_VERSION = 5.0;
				TARGETED_DEVICE_FAMILY = "1,2";
			};
			name = Debug;
		};
		C2D24724278571AC00B7264F /* Release */ = {
			isa = XCBuildConfiguration;
			buildSettings = {
				ALWAYS_EMBED_SWIFT_STANDARD_LIBRARIES = YES;
				ASSETCATALOG_COMPILER_APPICON_NAME = AppIcon;
				ASSETCATALOG_COMPILER_GLOBAL_ACCENT_COLOR_NAME = AccentColor;
				CODE_SIGN_STYLE = Automatic;
				CURRENT_PROJECT_VERSION = 1;
				DEVELOPMENT_TEAM = UA8U3Z7XU4;
				ENABLE_PREVIEWS = YES;
				GENERATE_INFOPLIST_FILE = YES;
				INFOPLIST_KEY_UIApplicationSceneManifest_Generation = YES;
				INFOPLIST_KEY_UIApplicationSupportsIndirectInputEvents = YES;
				INFOPLIST_KEY_UILaunchScreen_Generation = YES;
				INFOPLIST_KEY_UISupportedInterfaceOrientations = "";
				INFOPLIST_KEY_UISupportedInterfaceOrientations_iPad = "UIInterfaceOrientationPortrait UIInterfaceOrientationPortraitUpsideDown UIInterfaceOrientationLandscapeLeft UIInterfaceOrientationLandscapeRight";
				INFOPLIST_KEY_UISupportedInterfaceOrientations_iPhone = "UIInterfaceOrientationPortrait UIInterfaceOrientationLandscapeLeft UIInterfaceOrientationLandscapeRight";
				IPHONEOS_DEPLOYMENT_TARGET = 15.0;
				LD_RUNPATH_SEARCH_PATHS = (
					"$(inherited)",
					"@executable_path/Frameworks",
				);
				MARKETING_VERSION = 1.0;
				PRODUCT_BUNDLE_IDENTIFIER = me.jewelz.TODO;
				PRODUCT_NAME = TODO;
				SDKROOT = iphoneos;
				SWIFT_EMIT_LOC_STRINGS = YES;
				SWIFT_VERSION = 5.0;
				TARGETED_DEVICE_FAMILY = "1,2";
				VALIDATE_PRODUCT = YES;
			};
			name = Release;
		};
		C2D24726278571AC00B7264F /* Debug */ = {
			isa = XCBuildConfiguration;
			buildSettings = {
				ASSETCATALOG_COMPILER_APPICON_NAME = AppIcon;
				ASSETCATALOG_COMPILER_GLOBAL_ACCENT_COLOR_NAME = AccentColor;
				CODE_SIGN_ENTITLEMENTS = macOS/macOS.entitlements;
				CODE_SIGN_STYLE = Automatic;
				COMBINE_HIDPI_IMAGES = YES;
				CURRENT_PROJECT_VERSION = 1;
				DEVELOPMENT_TEAM = UA8U3Z7XU4;
				ENABLE_HARDENED_RUNTIME = YES;
				ENABLE_PREVIEWS = YES;
				GENERATE_INFOPLIST_FILE = YES;
				INFOPLIST_KEY_NSHumanReadableCopyright = "";
				LD_RUNPATH_SEARCH_PATHS = (
					"$(inherited)",
					"@executable_path/../Frameworks",
				);
				MACOSX_DEPLOYMENT_TARGET = 12.0;
				MARKETING_VERSION = 1.0;
				PRODUCT_BUNDLE_IDENTIFIER = me.jewelz.TODO;
				PRODUCT_NAME = TODO;
				SDKROOT = macosx;
				SWIFT_EMIT_LOC_STRINGS = YES;
				SWIFT_VERSION = 5.0;
			};
			name = Debug;
		};
		C2D24727278571AC00B7264F /* Release */ = {
			isa = XCBuildConfiguration;
			buildSettings = {
				ASSETCATALOG_COMPILER_APPICON_NAME = AppIcon;
				ASSETCATALOG_COMPILER_GLOBAL_ACCENT_COLOR_NAME = AccentColor;
				CODE_SIGN_ENTITLEMENTS = macOS/macOS.entitlements;
				CODE_SIGN_STYLE = Automatic;
				COMBINE_HIDPI_IMAGES = YES;
				CURRENT_PROJECT_VERSION = 1;
				DEVELOPMENT_TEAM = UA8U3Z7XU4;
				ENABLE_HARDENED_RUNTIME = YES;
				ENABLE_PREVIEWS = YES;
				GENERATE_INFOPLIST_FILE = YES;
				INFOPLIST_KEY_NSHumanReadableCopyright = "";
				LD_RUNPATH_SEARCH_PATHS = (
					"$(inherited)",
					"@executable_path/../Frameworks",
				);
				MACOSX_DEPLOYMENT_TARGET = 12.0;
				MARKETING_VERSION = 1.0;
				PRODUCT_BUNDLE_IDENTIFIER = me.jewelz.TODO;
				PRODUCT_NAME = TODO;
				SDKROOT = macosx;
				SWIFT_EMIT_LOC_STRINGS = YES;
				SWIFT_VERSION = 5.0;
			};
			name = Release;
		};
		C2D24729278571AC00B7264F /* Debug */ = {
			isa = XCBuildConfiguration;
			buildSettings = {
				ALWAYS_EMBED_SWIFT_STANDARD_LIBRARIES = YES;
				CODE_SIGN_STYLE = Automatic;
				CURRENT_PROJECT_VERSION = 1;
				DEVELOPMENT_TEAM = UA8U3Z7XU4;
				GENERATE_INFOPLIST_FILE = YES;
				IPHONEOS_DEPLOYMENT_TARGET = 15.0;
				LD_RUNPATH_SEARCH_PATHS = (
					"$(inherited)",
					"@executable_path/Frameworks",
					"@loader_path/Frameworks",
				);
				MARKETING_VERSION = 1.0;
				PRODUCT_BUNDLE_IDENTIFIER = "me.jewelz.Tests-iOS";
				PRODUCT_NAME = "$(TARGET_NAME)";
				SDKROOT = iphoneos;
				SWIFT_EMIT_LOC_STRINGS = NO;
				SWIFT_VERSION = 5.0;
				TARGETED_DEVICE_FAMILY = "1,2";
				TEST_TARGET_NAME = "TODO (iOS)";
			};
			name = Debug;
		};
		C2D2472A278571AC00B7264F /* Release */ = {
			isa = XCBuildConfiguration;
			buildSettings = {
				ALWAYS_EMBED_SWIFT_STANDARD_LIBRARIES = YES;
				CODE_SIGN_STYLE = Automatic;
				CURRENT_PROJECT_VERSION = 1;
				DEVELOPMENT_TEAM = UA8U3Z7XU4;
				GENERATE_INFOPLIST_FILE = YES;
				IPHONEOS_DEPLOYMENT_TARGET = 15.0;
				LD_RUNPATH_SEARCH_PATHS = (
					"$(inherited)",
					"@executable_path/Frameworks",
					"@loader_path/Frameworks",
				);
				MARKETING_VERSION = 1.0;
				PRODUCT_BUNDLE_IDENTIFIER = "me.jewelz.Tests-iOS";
				PRODUCT_NAME = "$(TARGET_NAME)";
				SDKROOT = iphoneos;
				SWIFT_EMIT_LOC_STRINGS = NO;
				SWIFT_VERSION = 5.0;
				TARGETED_DEVICE_FAMILY = "1,2";
				TEST_TARGET_NAME = "TODO (iOS)";
				VALIDATE_PRODUCT = YES;
			};
			name = Release;
		};
		C2D2472C278571AC00B7264F /* Debug */ = {
			isa = XCBuildConfiguration;
			buildSettings = {
				ALWAYS_EMBED_SWIFT_STANDARD_LIBRARIES = YES;
				CODE_SIGN_STYLE = Automatic;
				COMBINE_HIDPI_IMAGES = YES;
				CURRENT_PROJECT_VERSION = 1;
				DEVELOPMENT_TEAM = UA8U3Z7XU4;
				GENERATE_INFOPLIST_FILE = YES;
				LD_RUNPATH_SEARCH_PATHS = (
					"$(inherited)",
					"@executable_path/../Frameworks",
					"@loader_path/../Frameworks",
				);
				MACOSX_DEPLOYMENT_TARGET = 12.0;
				MARKETING_VERSION = 1.0;
				PRODUCT_BUNDLE_IDENTIFIER = "me.jewelz.Tests-macOS";
				PRODUCT_NAME = "$(TARGET_NAME)";
				SDKROOT = macosx;
				SWIFT_EMIT_LOC_STRINGS = NO;
				SWIFT_VERSION = 5.0;
				TEST_TARGET_NAME = "TODO (macOS)";
			};
			name = Debug;
		};
		C2D2472D278571AC00B7264F /* Release */ = {
			isa = XCBuildConfiguration;
			buildSettings = {
				ALWAYS_EMBED_SWIFT_STANDARD_LIBRARIES = YES;
				CODE_SIGN_STYLE = Automatic;
				COMBINE_HIDPI_IMAGES = YES;
				CURRENT_PROJECT_VERSION = 1;
				DEVELOPMENT_TEAM = UA8U3Z7XU4;
				GENERATE_INFOPLIST_FILE = YES;
				LD_RUNPATH_SEARCH_PATHS = (
					"$(inherited)",
					"@executable_path/../Frameworks",
					"@loader_path/../Frameworks",
				);
				MACOSX_DEPLOYMENT_TARGET = 12.0;
				MARKETING_VERSION = 1.0;
				PRODUCT_BUNDLE_IDENTIFIER = "me.jewelz.Tests-macOS";
				PRODUCT_NAME = "$(TARGET_NAME)";
				SDKROOT = macosx;
				SWIFT_EMIT_LOC_STRINGS = NO;
				SWIFT_VERSION = 5.0;
				TEST_TARGET_NAME = "TODO (macOS)";
			};
			name = Release;
		};
/* End XCBuildConfiguration section */

/* Begin XCConfigurationList section */
		C20300A92785A0A300F04B27 /* Build configuration list for PBXNativeTarget "Todo-extExtension" */ = {
			isa = XCConfigurationList;
			buildConfigurations = (
				C20300AA2785A0A300F04B27 /* Debug */,
				C20300AB2785A0A300F04B27 /* Release */,
			);
			defaultConfigurationIsVisible = 0;
			defaultConfigurationName = Release;
		};
		C2D246E9278571A900B7264F /* Build configuration list for PBXProject "TODO" */ = {
			isa = XCConfigurationList;
			buildConfigurations = (
				C2D24720278571AC00B7264F /* Debug */,
				C2D24721278571AC00B7264F /* Release */,
			);
			defaultConfigurationIsVisible = 0;
			defaultConfigurationName = Release;
		};
		C2D24722278571AC00B7264F /* Build configuration list for PBXNativeTarget "TODO (iOS)" */ = {
			isa = XCConfigurationList;
			buildConfigurations = (
				C2D24723278571AC00B7264F /* Debug */,
				C2D24724278571AC00B7264F /* Release */,
			);
			defaultConfigurationIsVisible = 0;
			defaultConfigurationName = Release;
		};
		C2D24725278571AC00B7264F /* Build configuration list for PBXNativeTarget "TODO (macOS)" */ = {
			isa = XCConfigurationList;
			buildConfigurations = (
				C2D24726278571AC00B7264F /* Debug */,
				C2D24727278571AC00B7264F /* Release */,
			);
			defaultConfigurationIsVisible = 0;
			defaultConfigurationName = Release;
		};
		C2D24728278571AC00B7264F /* Build configuration list for PBXNativeTarget "Tests iOS" */ = {
			isa = XCConfigurationList;
			buildConfigurations = (
				C2D24729278571AC00B7264F /* Debug */,
				C2D2472A278571AC00B7264F /* Release */,
			);
			defaultConfigurationIsVisible = 0;
			defaultConfigurationName = Release;
		};
		C2D2472B278571AC00B7264F /* Build configuration list for PBXNativeTarget "Tests macOS" */ = {
			isa = XCConfigurationList;
			buildConfigurations = (
				C2D2472C278571AC00B7264F /* Debug */,
				C2D2472D278571AC00B7264F /* Release */,
			);
			defaultConfigurationIsVisible = 0;
			defaultConfigurationName = Release;
		};
/* End XCConfigurationList section */

/* Begin XCVersionGroup section */
		C2D246EB278571A900B7264F /* TODO.xcdatamodeld */ = {
			isa = XCVersionGroup;
			children = (
				C2D246EC278571A900B7264F /* Shared.xcdatamodel */,
			);
			currentVersion = C2D246EC278571A900B7264F /* Shared.xcdatamodel */;
			path = TODO.xcdatamodeld;
			sourceTree = "<group>";
			versionGroupType = wrapper.xcdatamodel;
		};
/* End XCVersionGroup section */
	};
	rootObject = C2D246E6278571A900B7264F /* Project object */;
}
